
Microsoft Visual Studio Solution File, Format Version 12.00
# Visual Studio Version 16
VisualStudioVersion = 16.0.28803.452
MinimumVisualStudioVersion = 10.0.40219.1
Project("{FAE04EC0-301F-11D3-BF4B-00C04F79EFBC}") = "99乘法表", "99乘法表.csproj", "{0486F3DD-3F8F-4AB5-BF92-99BAF5A545BA}"
EndProject
Global
	GlobalSection(SolutionConfigurationPlatforms) = preSolution
		Debug|Any CPU = Debug|Any CPU
		Release|Any CPU = Release|Any CPU
	EndGlobalSection
	GlobalSection(ProjectConfigurationPlatforms) = postSolution
		{0486F3DD-3F8F-4AB5-BF92-99BAF5A545BA}.Debug|Any CPU.ActiveCfg = Debug|Any CPU
		{0486F3DD-3F8F-4AB5-BF92-99BAF5A545BA}.Debug|Any CPU.Build.0 = Debug|Any CPU
		{0486F3DD-3F8F-4AB5-BF92-99BAF5A545BA}.Release|Any CPU.ActiveCfg = Release|Any CPU
		{0486F3DD-3F8F-4AB5-BF92-99BAF5A545BA}.Release|Any CPU.Build.0 = Release|Any CPU
	EndGlobalSection
	GlobalSection(SolutionProperties) = preSolution
		HideSolutionNode = FALSE
	EndGlobalSection
	GlobalSection(ExtensibilityGlobals) = postSolution
		SolutionGuid = {ACAFA3E0-E026-412A-8DB3-63F6FAEAC62F}
	EndGlobalSection
EndGlobal
